
Microsoft Visual Studio Solution File, Format Version 12.00
# Visual Studio Version 17
VisualStudioVersion = 17.4.33403.182
MinimumVisualStudioVersion = 10.0.40219.1
Project("{FAE04EC0-301F-11D3-BF4B-00C04F79EFBC}") = "baitap", "baitap\baitap.csproj", "{3A17D2CC-6C46-412F-BC46-A6E431C1868B}"
EndProject
Global
	GlobalSection(SolutionConfigurationPlatforms) = preSolution
		Debug|Any CPU = Debug|Any CPU
		Release|Any CPU = Release|Any CPU
	EndGlobalSection
	GlobalSection(ProjectConfigurationPlatforms) = postSolution
		{3A17D2CC-6C46-412F-BC46-A6E431C1868B}.Debug|Any CPU.ActiveCfg = Debug|Any CPU
		{3A17D2CC-6C46-412F-BC46-A6E431C1868B}.Debug|Any CPU.Build.0 = Debug|Any CPU
		{3A17D2CC-6C46-412F-BC46-A6E431C1868B}.Release|Any CPU.ActiveCfg = Release|Any CPU
		{3A17D2CC-6C46-412F-BC46-A6E431C1868B}.Release|Any CPU.Build.0 = Release|Any CPU
	EndGlobalSection
	GlobalSection(SolutionProperties) = preSolution
		HideSolutionNode = FALSE
	EndGlobalSection
	GlobalSection(ExtensibilityGlobals) = postSolution
		SolutionGuid = {78FEEBEA-D8D1-4F8E-8861-B77F4549A99D}
	EndGlobalSection
EndGlobal
